
Microsoft Visual Studio Solution File, Format Version 12.00
# Visual Studio 15
VisualStudioVersion = 15.0.28307.168
MinimumVisualStudioVersion = 10.0.40219.1
Project("{FAE04EC0-301F-11D3-BF4B-00C04F79EFBC}") = "DevOpsSample", "DevOpsSample\DevOpsSample.csproj", "{A45E0505-0DF9-488C-99EB-748DC8E8FE91}"
EndProject
Project("{FAE04EC0-301F-11D3-BF4B-00C04F79EFBC}") = "SampleLibrary", "..\SampleLibrary\SampleLibrary.csproj", "{5995C2FC-3E0D-48BD-B11F-7A5C3ED13219}"
EndProject
Project("{FAE04EC0-301F-11D3-BF4B-00C04F79EFBC}") = "SampleLibrary.Tests", "SampleLibrary.Tests\SampleLibrary.Tests.csproj", "{D8C37ED8-4BE8-4E43-9ED6-D71891B96D20}"
EndProject
Global
	GlobalSection(SolutionConfigurationPlatforms) = preSolution
		Debug|Any CPU = Debug|Any CPU
		Release|Any CPU = Release|Any CPU
	EndGlobalSection
	GlobalSection(ProjectConfigurationPlatforms) = postSolution
		{A45E0505-0DF9-488C-99EB-748DC8E8FE91}.Debug|Any CPU.ActiveCfg = Debug|Any CPU
		{A45E0505-0DF9-488C-99EB-748DC8E8FE91}.Debug|Any CPU.Build.0 = Debug|Any CPU
		{A45E0505-0DF9-488C-99EB-748DC8E8FE91}.Release|Any CPU.ActiveCfg = Release|Any CPU
		{A45E0505-0DF9-488C-99EB-748DC8E8FE91}.Release|Any CPU.Build.0 = Release|Any CPU
		{5995C2FC-3E0D-48BD-B11F-7A5C3ED13219}.Debug|Any CPU.ActiveCfg = Debug|Any CPU
		{5995C2FC-3E0D-48BD-B11F-7A5C3ED13219}.Debug|Any CPU.Build.0 = Debug|Any CPU
		{5995C2FC-3E0D-48BD-B11F-7A5C3ED13219}.Release|Any CPU.ActiveCfg = Release|Any CPU
		{5995C2FC-3E0D-48BD-B11F-7A5C3ED13219}.Release|Any CPU.Build.0 = Release|Any CPU
		{D8C37ED8-4BE8-4E43-9ED6-D71891B96D20}.Debug|Any CPU.ActiveCfg = Debug|Any CPU
		{D8C37ED8-4BE8-4E43-9ED6-D71891B96D20}.Debug|Any CPU.Build.0 = Debug|Any CPU
		{D8C37ED8-4BE8-4E43-9ED6-D71891B96D20}.Release|Any CPU.ActiveCfg = Release|Any CPU
		{D8C37ED8-4BE8-4E43-9ED6-D71891B96D20}.Release|Any CPU.Build.0 = Release|Any CPU
	EndGlobalSection
	GlobalSection(SolutionProperties) = preSolution
		HideSolutionNode = FALSE
	EndGlobalSection
	GlobalSection(ExtensibilityGlobals) = postSolution
		SolutionGuid = {C2E37E6C-51E4-4BEC-95F7-FF9345986ADF}
	EndGlobalSection
EndGlobal
